
Microsoft Visual Studio Solution File, Format Version 12.00
# Visual Studio Version 17
VisualStudioVersion = 17.4.33213.308
MinimumVisualStudioVersion = 10.0.40219.1
Project("{9A19103F-16F7-4668-BE54-9A1E7A4F7556}") = "EL", "EL\EL.csproj", "{E399B901-B3BF-4294-8779-CD8704B4EE27}"
EndProject
Project("{9A19103F-16F7-4668-BE54-9A1E7A4F7556}") = "DAL", "DAL\DAL.csproj", "{90DB9346-C596-4603-AFCC-CBE8C5B62865}"
EndProject
Project("{9A19103F-16F7-4668-BE54-9A1E7A4F7556}") = "BLL", "BLL\BLL.csproj", "{3A168810-CC6D-4780-9402-243B5B655002}"
EndProject
Project("{FAE04EC0-301F-11D3-BF4B-00C04F79EFBC}") = "UI", "UI\UI.csproj", "{BD4915FD-10E8-4EAE-AD1D-99DFD5A389E7}"
EndProject
Global
	GlobalSection(SolutionConfigurationPlatforms) = preSolution
		Debug|Any CPU = Debug|Any CPU
		Release|Any CPU = Release|Any CPU
	EndGlobalSection
	GlobalSection(ProjectConfigurationPlatforms) = postSolution
		{E399B901-B3BF-4294-8779-CD8704B4EE27}.Debug|Any CPU.ActiveCfg = Debug|Any CPU
		{E399B901-B3BF-4294-8779-CD8704B4EE27}.Debug|Any CPU.Build.0 = Debug|Any CPU
		{E399B901-B3BF-4294-8779-CD8704B4EE27}.Release|Any CPU.ActiveCfg = Release|Any CPU
		{E399B901-B3BF-4294-8779-CD8704B4EE27}.Release|Any CPU.Build.0 = Release|Any CPU
		{90DB9346-C596-4603-AFCC-CBE8C5B62865}.Debug|Any CPU.ActiveCfg = Debug|Any CPU
		{90DB9346-C596-4603-AFCC-CBE8C5B62865}.Debug|Any CPU.Build.0 = Debug|Any CPU
		{90DB9346-C596-4603-AFCC-CBE8C5B62865}.Release|Any CPU.ActiveCfg = Release|Any CPU
		{90DB9346-C596-4603-AFCC-CBE8C5B62865}.Release|Any CPU.Build.0 = Release|Any CPU
		{3A168810-CC6D-4780-9402-243B5B655002}.Debug|Any CPU.ActiveCfg = Debug|Any CPU
		{3A168810-CC6D-4780-9402-243B5B655002}.Debug|Any CPU.Build.0 = Debug|Any CPU
		{3A168810-CC6D-4780-9402-243B5B655002}.Release|Any CPU.ActiveCfg = Release|Any CPU
		{3A168810-CC6D-4780-9402-243B5B655002}.Release|Any CPU.Build.0 = Release|Any CPU
		{BD4915FD-10E8-4EAE-AD1D-99DFD5A389E7}.Debug|Any CPU.ActiveCfg = Debug|Any CPU
		{BD4915FD-10E8-4EAE-AD1D-99DFD5A389E7}.Debug|Any CPU.Build.0 = Debug|Any CPU
		{BD4915FD-10E8-4EAE-AD1D-99DFD5A389E7}.Release|Any CPU.ActiveCfg = Release|Any CPU
		{BD4915FD-10E8-4EAE-AD1D-99DFD5A389E7}.Release|Any CPU.Build.0 = Release|Any CPU
	EndGlobalSection
	GlobalSection(SolutionProperties) = preSolution
		HideSolutionNode = FALSE
	EndGlobalSection
	GlobalSection(ExtensibilityGlobals) = postSolution
		SolutionGuid = {03AF63D9-40E5-4745-94CA-28C50813580B}
	EndGlobalSection
EndGlobal
